
Microsoft Visual Studio Solution File, Format Version 12.00
# Visual Studio Version 17
VisualStudioVersion = 17.14.36717.8
MinimumVisualStudioVersion = 10.0.40219.1
Project("{FAE04EC0-301F-11D3-BF4B-00C04F79EFBC}") = "WebApp", "WebApp\WebApp\WebApp.csproj", "{4099C133-37E0-4259-84BA-18BE8B4BEEFE}"
EndProject
Project("{FAE04EC0-301F-11D3-BF4B-00C04F79EFBC}") = "WebApp.Client", "WebApp\WebApp.Client\WebApp.Client.csproj", "{ACE6A4F5-AF4A-4A8A-B837-276657DF6E05}"
EndProject
Project("{FAE04EC0-301F-11D3-BF4B-00C04F79EFBC}") = "Engine", "Engine\Engine.csproj", "{A6D98238-CE12-45F0-A57E-CD47EBF87E47}"
EndProject
Project("{FAE04EC0-301F-11D3-BF4B-00C04F79EFBC}") = "ConsoleApp", "Console\ConsoleApp.csproj", "{703480CF-CCD6-4D45-8DD6-19012F6EE48C}"
EndProject
Global
	GlobalSection(SolutionConfigurationPlatforms) = preSolution
		Debug|Any CPU = Debug|Any CPU
		Release|Any CPU = Release|Any CPU
	EndGlobalSection
	GlobalSection(ProjectConfigurationPlatforms) = postSolution
		{4099C133-37E0-4259-84BA-18BE8B4BEEFE}.Debug|Any CPU.ActiveCfg = Debug|Any CPU
		{4099C133-37E0-4259-84BA-18BE8B4BEEFE}.Debug|Any CPU.Build.0 = Debug|Any CPU
		{4099C133-37E0-4259-84BA-18BE8B4BEEFE}.Release|Any CPU.ActiveCfg = Release|Any CPU
		{4099C133-37E0-4259-84BA-18BE8B4BEEFE}.Release|Any CPU.Build.0 = Release|Any CPU
		{ACE6A4F5-AF4A-4A8A-B837-276657DF6E05}.Debug|Any CPU.ActiveCfg = Debug|Any CPU
		{ACE6A4F5-AF4A-4A8A-B837-276657DF6E05}.Debug|Any CPU.Build.0 = Debug|Any CPU
		{ACE6A4F5-AF4A-4A8A-B837-276657DF6E05}.Release|Any CPU.ActiveCfg = Release|Any CPU
		{ACE6A4F5-AF4A-4A8A-B837-276657DF6E05}.Release|Any CPU.Build.0 = Release|Any CPU
		{A6D98238-CE12-45F0-A57E-CD47EBF87E47}.Debug|Any CPU.ActiveCfg = Debug|Any CPU
		{A6D98238-CE12-45F0-A57E-CD47EBF87E47}.Debug|Any CPU.Build.0 = Debug|Any CPU
		{A6D98238-CE12-45F0-A57E-CD47EBF87E47}.Release|Any CPU.ActiveCfg = Release|Any CPU
		{A6D98238-CE12-45F0-A57E-CD47EBF87E47}.Release|Any CPU.Build.0 = Release|Any CPU
		{703480CF-CCD6-4D45-8DD6-19012F6EE48C}.Debug|Any CPU.ActiveCfg = Debug|Any CPU
		{703480CF-CCD6-4D45-8DD6-19012F6EE48C}.Debug|Any CPU.Build.0 = Debug|Any CPU
		{703480CF-CCD6-4D45-8DD6-19012F6EE48C}.Release|Any CPU.ActiveCfg = Release|Any CPU
		{703480CF-CCD6-4D45-8DD6-19012F6EE48C}.Release|Any CPU.Build.0 = Release|Any CPU
	EndGlobalSection
	GlobalSection(SolutionProperties) = preSolution
		HideSolutionNode = FALSE
	EndGlobalSection
	GlobalSection(ExtensibilityGlobals) = postSolution
		SolutionGuid = {87FC602A-F051-4977-8F94-EB5EB2C1D151}
	EndGlobalSection
EndGlobal
